// !$*UTF8*$!
{
	archiveVersion = 1;
	classes = {
	};
	objectVersion = 77;
	objects = {

/* Begin PBXBuildFile section */
		9B07AE512DE932A600024AFD /* GlowWattWatchOS Watch App.app in Embed Watch Content */ = {isa = PBXBuildFile; fileRef = 9B07AE442DE932A600024AFD /* GlowWattWatchOS Watch App.app */; settings = {ATTRIBUTES = (RemoveHeadersOnCopy, ); }; };
		9B07AE562DE9365700024AFD /* AppStorage.swift in Sources */ = {isa = PBXBuildFile; fileRef = 9BB17B9B2DE1541C00200C38 /* AppStorage.swift */; };
		9B07AE572DE9365C00024AFD /* API.swift in Sources */ = {isa = PBXBuildFile; fileRef = 9BB17B982DE149E100200C38 /* API.swift */; };
		9B07AE5D2DE9429700024AFD /* WidgetKit.framework in Frameworks */ = {isa = PBXBuildFile; fileRef = 9BB17B7D2DE1490200200C38 /* WidgetKit.framework */; };
		9B07AE5E2DE9429700024AFD /* SwiftUI.framework in Frameworks */ = {isa = PBXBuildFile; fileRef = 9BB17B7F2DE1490200200C38 /* SwiftUI.framework */; };
		9B07AE692DE9429800024AFD /* GlowWattWatchOSWidgetExtension.appex in Embed Foundation Extensions */ = {isa = PBXBuildFile; fileRef = 9B07AE5C2DE9429700024AFD /* GlowWattWatchOSWidgetExtension.appex */; settings = {ATTRIBUTES = (RemoveHeadersOnCopy, ); }; };
		9B07AE6F2DE9437100024AFD /* AppStorage.swift in Sources */ = {isa = PBXBuildFile; fileRef = 9BB17B9B2DE1541C00200C38 /* AppStorage.swift */; };
		9B07AE702DE9437100024AFD /* API.swift in Sources */ = {isa = PBXBuildFile; fileRef = 9BB17B982DE149E100200C38 /* API.swift */; };
		9B10FC792EA7152500A7687D /* OnboardingPageOne.swift in Sources */ = {isa = PBXBuildFile; fileRef = 9B10FC782EA7152300A7687D /* OnboardingPageOne.swift */; };
		9B10FC7B2EA715B000A7687D /* OnboardingPageTwo.swift in Sources */ = {isa = PBXBuildFile; fileRef = 9B10FC7A2EA715AD00A7687D /* OnboardingPageTwo.swift */; };
		9B10FC7D2EA71BCB00A7687D /* OnboardingPageThree.swift in Sources */ = {isa = PBXBuildFile; fileRef = 9B10FC7C2EA71BC700A7687D /* OnboardingPageThree.swift */; };
		9B10FC7F2EA71C8600A7687D /* OnboardingManager.swift in Sources */ = {isa = PBXBuildFile; fileRef = 9B10FC7E2EA71C8400A7687D /* OnboardingManager.swift */; };
		9B30A1842EAC8EDB00D640D6 /* PriceSettingsView.swift in Sources */ = {isa = PBXBuildFile; fileRef = 9B30A1832EAC8ED800D640D6 /* PriceSettingsView.swift */; };
		9B30A1872EAC92F000D640D6 /* AccessibilitySettings.swift in Sources */ = {isa = PBXBuildFile; fileRef = 9B30A1862EAC92EF00D640D6 /* AccessibilitySettings.swift */; };
		9B30A18B2EACA3EB00D640D6 /* HistorySettings.swift in Sources */ = {isa = PBXBuildFile; fileRef = 9B30A18A2EACA3E900D640D6 /* HistorySettings.swift */; };
		9B30A18E2EACA49900D640D6 /* IssuesSettings.swift in Sources */ = {isa = PBXBuildFile; fileRef = 9B30A18D2EACA49300D640D6 /* IssuesSettings.swift */; };
		9B30A1912EACA5FF00D640D6 /* PriceOptionView.swift in Sources */ = {isa = PBXBuildFile; fileRef = 9B30A1902EACA5FD00D640D6 /* PriceOptionView.swift */; };
		9B30A1932EACA71B00D640D6 /* PriceTapAnimation.swift in Sources */ = {isa = PBXBuildFile; fileRef = 9B30A1922EACA71700D640D6 /* PriceTapAnimation.swift */; };
		9B30A1952EACA72D00D640D6 /* PriceHeightSettings.swift in Sources */ = {isa = PBXBuildFile; fileRef = 9B30A1942EACA72A00D640D6 /* PriceHeightSettings.swift */; };
		9B30A1992EAD3DB300D640D6 /* HapticSettings.swift in Sources */ = {isa = PBXBuildFile; fileRef = 9B30A1982EAD3DB000D640D6 /* HapticSettings.swift */; };
		9B4E05622E942B78001CF411 /* SpatialPressingGestureModifier.swift in Sources */ = {isa = PBXBuildFile; fileRef = 9B4E05602E942B78001CF411 /* SpatialPressingGestureModifier.swift */; };
		9B4E05642E942B82001CF411 /* RippleEffect.swift in Sources */ = {isa = PBXBuildFile; fileRef = 9B4E05632E942B82001CF411 /* RippleEffect.swift */; };
		9B736CBD2E9454360063C622 /* Graph.swift in Sources */ = {isa = PBXBuildFile; fileRef = 9B736CBC2E9454340063C622 /* Graph.swift */; };
		9B736CC02E9454410063C622 /* PriceTapSettingsView.swift in Sources */ = {isa = PBXBuildFile; fileRef = 9B736CBE2E9454410063C622 /* PriceTapSettingsView.swift */; };
		9B736CC22E94544F0063C622 /* PriceTapAnimations.swift in Sources */ = {isa = PBXBuildFile; fileRef = 9B736CC12E94544A0063C622 /* PriceTapAnimations.swift */; };
		9B736CD72E94858A0063C622 /* FetchIntent.swift in Sources */ = {isa = PBXBuildFile; fileRef = 9B736CD42E9485880063C622 /* FetchIntent.swift */; };
		9BB17B7E2DE1490200200C38 /* WidgetKit.framework in Frameworks */ = {isa = PBXBuildFile; fileRef = 9BB17B7D2DE1490200200C38 /* WidgetKit.framework */; };
		9BB17B802DE1490200200C38 /* SwiftUI.framework in Frameworks */ = {isa = PBXBuildFile; fileRef = 9BB17B7F2DE1490200200C38 /* SwiftUI.framework */; };
		9BB17B912DE1490400200C38 /* GlowWattWidgetExtension.appex in Embed Foundation Extensions */ = {isa = PBXBuildFile; fileRef = 9BB17B7B2DE1490200200C38 /* GlowWattWidgetExtension.appex */; settings = {ATTRIBUTES = (RemoveHeadersOnCopy, ); }; };
		9BB17B992DE149EB00200C38 /* API.swift in Sources */ = {isa = PBXBuildFile; fileRef = 9BB17B982DE149E100200C38 /* API.swift */; };
		9BB17B9A2DE149EB00200C38 /* API.swift in Sources */ = {isa = PBXBuildFile; fileRef = 9BB17B982DE149E100200C38 /* API.swift */; };
		9BB17B9C2DE1541E00200C38 /* AppStorage.swift in Sources */ = {isa = PBXBuildFile; fileRef = 9BB17B9B2DE1541C00200C38 /* AppStorage.swift */; };
		9BB17B9D2DE1541E00200C38 /* AppStorage.swift in Sources */ = {isa = PBXBuildFile; fileRef = 9BB17B9B2DE1541C00200C38 /* AppStorage.swift */; };
		9BB3B9B82E1918EA00B5F196 /* UserPricesManager.swift in Sources */ = {isa = PBXBuildFile; fileRef = 9BB3B9B62E1918D500B5F196 /* UserPricesManager.swift */; };
		9BB430A32EA6A65200CC81D4 /* Assets.xcassets in Resources */ = {isa = PBXBuildFile; fileRef = 9BB4309C2EA6A65200CC81D4 /* Assets.xcassets */; };
		9BB430A42EA6A65200CC81D4 /* ContentView.swift in Sources */ = {isa = PBXBuildFile; fileRef = 9BB4309D2EA6A65200CC81D4 /* ContentView.swift */; };
		9BB430A52EA6A65200CC81D4 /* GlowWattWatchOSApp.swift in Sources */ = {isa = PBXBuildFile; fileRef = 9BB4309E2EA6A65200CC81D4 /* GlowWattWatchOSApp.swift */; };
		9BB430A62EA6A65200CC81D4 /* PriceProvider.swift in Sources */ = {isa = PBXBuildFile; fileRef = 9BB4309F2EA6A65200CC81D4 /* PriceProvider.swift */; };
		9BB430A72EA6A65200CC81D4 /* PriceView.swift in Sources */ = {isa = PBXBuildFile; fileRef = 9BB430A02EA6A65200CC81D4 /* PriceView.swift */; };
		9BB430AC2EA6A65200CC81D4 /* GlowWattWatchOSWidget.swift in Sources */ = {isa = PBXBuildFile; fileRef = 9BB430A92EA6A65200CC81D4 /* GlowWattWatchOSWidget.swift */; };
		9BB430AD2EA6A65200CC81D4 /* Assets.xcassets in Resources */ = {isa = PBXBuildFile; fileRef = 9BB430A82EA6A65200CC81D4 /* Assets.xcassets */; };
		9BB430B02EA6C52100CC81D4 /* SettingsView.swift in Sources */ = {isa = PBXBuildFile; fileRef = 9BB430AF2EA6C51D00CC81D4 /* SettingsView.swift */; };
		9BB430B42EA6C6D000CC81D4 /* WatchOSSettingsModel.swift in Sources */ = {isa = PBXBuildFile; fileRef = 9BB430B12EA6C6CC00CC81D4 /* WatchOSSettingsModel.swift */; };
		9BB430B52EA6C6D000CC81D4 /* WatchOSSettingsModel.swift in Sources */ = {isa = PBXBuildFile; fileRef = 9BB430B12EA6C6CC00CC81D4 /* WatchOSSettingsModel.swift */; };
		9BB430BA2EA6E70500CC81D4 /* FetchIntent.swift in Sources */ = {isa = PBXBuildFile; fileRef = 9B736CD42E9485880063C622 /* FetchIntent.swift */; };
		9BB430BE2EA70FB800CC81D4 /* OnboardingView.swift in Sources */ = {isa = PBXBuildFile; fileRef = 9BB430BD2EA70FB300CC81D4 /* OnboardingView.swift */; };
		9BD4C1DC2E83340800278A0D /* GlowWattAttributes.swift in Sources */ = {isa = PBXBuildFile; fileRef = 9BD4C1DA2E83340700278A0D /* GlowWattAttributes.swift */; };
		9BD4C1DE2E83340800278A0D /* GlowWattAttributes.swift in Sources */ = {isa = PBXBuildFile; fileRef = 9BD4C1DA2E83340700278A0D /* GlowWattAttributes.swift */; };
		9BD4C1E02E83343200278A0D /* LiveActivitesManager.swift in Sources */ = {isa = PBXBuildFile; fileRef = 9BD4C1DF2E83342F00278A0D /* LiveActivitesManager.swift */; };
		9BD4C1E12E83343200278A0D /* LiveActivitesManager.swift in Sources */ = {isa = PBXBuildFile; fileRef = 9BD4C1DF2E83342F00278A0D /* LiveActivitesManager.swift */; };
		9BD4C2612E83550300278A0D /* Assets.xcassets in Resources */ = {isa = PBXBuildFile; fileRef = 9BD4C25E2E83550300278A0D /* Assets.xcassets */; };
		9BD4C2632E83550300278A0D /* GlowWattApp.swift in Sources */ = {isa = PBXBuildFile; fileRef = 9BD4C24A2E83550300278A0D /* GlowWattApp.swift */; };
		9BD4C2642E83550300278A0D /* PriceManager.swift in Sources */ = {isa = PBXBuildFile; fileRef = 9BD4C24C2E83550300278A0D /* PriceManager.swift */; };
		9BD4C2652E83550300278A0D /* UIManager.swift in Sources */ = {isa = PBXBuildFile; fileRef = 9BD4C24D2E83550300278A0D /* UIManager.swift */; };
		9BD4C2662E83550300278A0D /* HistoryCountSlider.swift in Sources */ = {isa = PBXBuildFile; fileRef = 9BD4C24F2E83550300278A0D /* HistoryCountSlider.swift */; };
		9BD4C2672E83550300278A0D /* HistoryChartView.swift in Sources */ = {isa = PBXBuildFile; fileRef = 9BD4C2512E83550300278A0D /* HistoryChartView.swift */; };
		9BD4C2682E83550300278A0D /* HistoryCurrentView.swift in Sources */ = {isa = PBXBuildFile; fileRef = 9BD4C2522E83550300278A0D /* HistoryCurrentView.swift */; };
		9BD4C26A2E83550300278A0D /* PriceHeightModal.swift in Sources */ = {isa = PBXBuildFile; fileRef = 9BD4C2562E83550300278A0D /* PriceHeightModal.swift */; };
		9BD4C26B2E83550300278A0D /* SubmitFeedbackView.swift in Sources */ = {isa = PBXBuildFile; fileRef = 9BD4C2582E83550300278A0D /* SubmitFeedbackView.swift */; };
		9BD4C26C2E83550300278A0D /* Settings.swift in Sources */ = {isa = PBXBuildFile; fileRef = 9BD4C25A2E83550300278A0D /* Settings.swift */; };
		9BD4C26D2E83550300278A0D /* Home.swift in Sources */ = {isa = PBXBuildFile; fileRef = 9BD4C25C2E83550300278A0D /* Home.swift */; };
		9BD4C2772E83553C00278A0D /* GlowWattLiveActivities.swift in Sources */ = {isa = PBXBuildFile; fileRef = 9BD4C26E2E83553C00278A0D /* GlowWattLiveActivities.swift */; };
		9BD4C2782E83553C00278A0D /* GlowWattAppIntent.swift in Sources */ = {isa = PBXBuildFile; fileRef = 9BD4C2702E83553C00278A0D /* GlowWattAppIntent.swift */; };
		9BD4C2792E83553C00278A0D /* GlowWattWidget.swift in Sources */ = {isa = PBXBuildFile; fileRef = 9BD4C2712E83553C00278A0D /* GlowWattWidget.swift */; };
		9BD4C27A2E83553C00278A0D /* GlowWattWidgetBundle.swift in Sources */ = {isa = PBXBuildFile; fileRef = 9BD4C2742E83553C00278A0D /* GlowWattWidgetBundle.swift */; };
		9BD4C27B2E83553C00278A0D /* Assets.xcassets in Resources */ = {isa = PBXBuildFile; fileRef = 9BD4C2732E83553C00278A0D /* Assets.xcassets */; };
		9BD4C2812E8359CE00278A0D /* PriceLimiterModal.swift in Sources */ = {isa = PBXBuildFile; fileRef = 9BD4C2802E8359C900278A0D /* PriceLimiterModal.swift */; };
		9BD4C2852E835B2B00278A0D /* PriceView.swift in Sources */ = {isa = PBXBuildFile; fileRef = 9BD4C2842E835B2A00278A0D /* PriceView.swift */; };
		9BF95DDA2E90B58600776771 /* GlowWatt.icon in Resources */ = {isa = PBXBuildFile; fileRef = 9BF95DD92E90B58600776771 /* GlowWatt.icon */; };
		9BF95DDB2E90B58600776771 /* GlowWatt.icon in Resources */ = {isa = PBXBuildFile; fileRef = 9BF95DD92E90B58600776771 /* GlowWatt.icon */; };
		9BF95DDC2E90B58600776771 /* GlowWatt.icon in Resources */ = {isa = PBXBuildFile; fileRef = 9BF95DD92E90B58600776771 /* GlowWatt.icon */; };
		9BF95DDD2E90B58600776771 /* GlowWatt.icon in Resources */ = {isa = PBXBuildFile; fileRef = 9BF95DD92E90B58600776771 /* GlowWatt.icon */; };
		9BF95EC22E92478C00776771 /* HapticStyle.swift in Sources */ = {isa = PBXBuildFile; fileRef = 9BF95EC12E92477700776771 /* HapticStyle.swift */; };
		9BF95EC42E930F5B00776771 /* layerEffects.metal in Sources */ = {isa = PBXBuildFile; fileRef = 9BF95EC32E930F5700776771 /* layerEffects.metal */; };
		9BFDF4782EB18FD9005F3BB0 /* ToolbarCancel.swift in Sources */ = {isa = PBXBuildFile; fileRef = 9BFDF4772EB18FD4005F3BB0 /* ToolbarCancel.swift */; };
/* End PBXBuildFile section */

/* Begin PBXContainerItemProxy section */
		9B07AE4F2DE932A600024AFD /* PBXContainerItemProxy */ = {
			isa = PBXContainerItemProxy;
			containerPortal = 9BB17B5E2DE148DA00200C38 /* Project object */;
			proxyType = 1;
			remoteGlobalIDString = 9B07AE432DE932A600024AFD;
			remoteInfo = "GlowWattWatchOS Watch App";
		};
		9B07AE672DE9429800024AFD /* PBXContainerItemProxy */ = {
			isa = PBXContainerItemProxy;
			containerPortal = 9BB17B5E2DE148DA00200C38 /* Project object */;
			proxyType = 1;
			remoteGlobalIDString = 9B07AE5B2DE9429700024AFD;
			remoteInfo = GlowWattWatchOSWidgetExtension;
		};
		9BB17B8F2DE1490400200C38 /* PBXContainerItemProxy */ = {
			isa = PBXContainerItemProxy;
			containerPortal = 9BB17B5E2DE148DA00200C38 /* Project object */;
			proxyType = 1;
			remoteGlobalIDString = 9BB17B7A2DE1490200200C38;
			remoteInfo = GlowWattWidgetExtension;
		};
/* End PBXContainerItemProxy section */

/* Begin PBXCopyFilesBuildPhase section */
		9B07AE552DE932A600024AFD /* Embed Watch Content */ = {
			isa = PBXCopyFilesBuildPhase;
			buildActionMask = 2147483647;
			dstPath = "$(CONTENTS_FOLDER_PATH)/Watch";
			dstSubfolderSpec = 16;
			files = (
				9B07AE512DE932A600024AFD /* GlowWattWatchOS Watch App.app in Embed Watch Content */,
			);
			name = "Embed Watch Content";
			runOnlyForDeploymentPostprocessing = 0;
		};
		9B07AE6E2DE9429800024AFD /* Embed Foundation Extensions */ = {
			isa = PBXCopyFilesBuildPhase;
			buildActionMask = 2147483647;
			dstPath = "";
			dstSubfolderSpec = 13;
			files = (
				9B07AE692DE9429800024AFD /* GlowWattWatchOSWidgetExtension.appex in Embed Foundation Extensions */,
			);
			name = "Embed Foundation Extensions";
			runOnlyForDeploymentPostprocessing = 0;
		};
		9BB17B962DE1490400200C38 /* Embed Foundation Extensions */ = {
			isa = PBXCopyFilesBuildPhase;
			buildActionMask = 2147483647;
			dstPath = "";
			dstSubfolderSpec = 13;
			files = (
				9BB17B912DE1490400200C38 /* GlowWattWidgetExtension.appex in Embed Foundation Extensions */,
			);
			name = "Embed Foundation Extensions";
			runOnlyForDeploymentPostprocessing = 0;
		};
/* End PBXCopyFilesBuildPhase section */

/* Begin PBXFileReference section */
		9B07AE442DE932A600024AFD /* GlowWattWatchOS Watch App.app */ = {isa = PBXFileReference; explicitFileType = wrapper.application; includeInIndex = 0; path = "GlowWattWatchOS Watch App.app"; sourceTree = BUILT_PRODUCTS_DIR; };
		9B07AE5C2DE9429700024AFD /* GlowWattWatchOSWidgetExtension.appex */ = {isa = PBXFileReference; explicitFileType = "wrapper.app-extension"; includeInIndex = 0; path = GlowWattWatchOSWidgetExtension.appex; sourceTree = BUILT_PRODUCTS_DIR; };
		9B10FC782EA7152300A7687D /* OnboardingPageOne.swift */ = {isa = PBXFileReference; lastKnownFileType = sourcecode.swift; path = OnboardingPageOne.swift; sourceTree = "<group>"; };
		9B10FC7A2EA715AD00A7687D /* OnboardingPageTwo.swift */ = {isa = PBXFileReference; lastKnownFileType = sourcecode.swift; path = OnboardingPageTwo.swift; sourceTree = "<group>"; };
		9B10FC7C2EA71BC700A7687D /* OnboardingPageThree.swift */ = {isa = PBXFileReference; lastKnownFileType = sourcecode.swift; path = OnboardingPageThree.swift; sourceTree = "<group>"; };
		9B10FC7E2EA71C8400A7687D /* OnboardingManager.swift */ = {isa = PBXFileReference; lastKnownFileType = sourcecode.swift; path = OnboardingManager.swift; sourceTree = "<group>"; };
		9B30A1832EAC8ED800D640D6 /* PriceSettingsView.swift */ = {isa = PBXFileReference; lastKnownFileType = sourcecode.swift; path = PriceSettingsView.swift; sourceTree = "<group>"; };
		9B30A1862EAC92EF00D640D6 /* AccessibilitySettings.swift */ = {isa = PBXFileReference; lastKnownFileType = sourcecode.swift; path = AccessibilitySettings.swift; sourceTree = "<group>"; };
		9B30A18A2EACA3E900D640D6 /* HistorySettings.swift */ = {isa = PBXFileReference; lastKnownFileType = sourcecode.swift; path = HistorySettings.swift; sourceTree = "<group>"; };
		9B30A18D2EACA49300D640D6 /* IssuesSettings.swift */ = {isa = PBXFileReference; lastKnownFileType = sourcecode.swift; path = IssuesSettings.swift; sourceTree = "<group>"; };
		9B30A1902EACA5FD00D640D6 /* PriceOptionView.swift */ = {isa = PBXFileReference; lastKnownFileType = sourcecode.swift; path = PriceOptionView.swift; sourceTree = "<group>"; };
		9B30A1922EACA71700D640D6 /* PriceTapAnimation.swift */ = {isa = PBXFileReference; lastKnownFileType = sourcecode.swift; path = PriceTapAnimation.swift; sourceTree = "<group>"; };
		9B30A1942EACA72A00D640D6 /* PriceHeightSettings.swift */ = {isa = PBXFileReference; lastKnownFileType = sourcecode.swift; path = PriceHeightSettings.swift; sourceTree = "<group>"; };
		9B30A1982EAD3DB000D640D6 /* HapticSettings.swift */ = {isa = PBXFileReference; lastKnownFileType = sourcecode.swift; path = HapticSettings.swift; sourceTree = "<group>"; };
		9B4E05602E942B78001CF411 /* SpatialPressingGestureModifier.swift */ = {isa = PBXFileReference; lastKnownFileType = sourcecode.swift; path = SpatialPressingGestureModifier.swift; sourceTree = "<group>"; };
		9B4E05632E942B82001CF411 /* RippleEffect.swift */ = {isa = PBXFileReference; lastKnownFileType = sourcecode.swift; path = RippleEffect.swift; sourceTree = "<group>"; };
		9B736CBC2E9454340063C622 /* Graph.swift */ = {isa = PBXFileReference; lastKnownFileType = sourcecode.swift; path = Graph.swift; sourceTree = "<group>"; };
		9B736CBE2E9454410063C622 /* PriceTapSettingsView.swift */ = {isa = PBXFileReference; lastKnownFileType = sourcecode.swift; path = PriceTapSettingsView.swift; sourceTree = "<group>"; };
		9B736CC12E94544A0063C622 /* PriceTapAnimations.swift */ = {isa = PBXFileReference; lastKnownFileType = sourcecode.swift; path = PriceTapAnimations.swift; sourceTree = "<group>"; };
		9B736CC32E9454C90063C622 /* Untitled.swift */ = {isa = PBXFileReference; lastKnownFileType = sourcecode.swift; path = Untitled.swift; sourceTree = "<group>"; };
		9B736CD42E9485880063C622 /* FetchIntent.swift */ = {isa = PBXFileReference; lastKnownFileType = sourcecode.swift; path = FetchIntent.swift; sourceTree = "<group>"; };
		9BB17B662DE148DA00200C38 /* GlowWatt.app */ = {isa = PBXFileReference; explicitFileType = wrapper.application; includeInIndex = 0; path = GlowWatt.app; sourceTree = BUILT_PRODUCTS_DIR; };
		9BB17B7B2DE1490200200C38 /* GlowWattWidgetExtension.appex */ = {isa = PBXFileReference; explicitFileType = "wrapper.app-extension"; includeInIndex = 0; path = GlowWattWidgetExtension.appex; sourceTree = BUILT_PRODUCTS_DIR; };
		9BB17B7D2DE1490200200C38 /* WidgetKit.framework */ = {isa = PBXFileReference; lastKnownFileType = wrapper.framework; name = WidgetKit.framework; path = System/Library/Frameworks/WidgetKit.framework; sourceTree = SDKROOT; };
		9BB17B7F2DE1490200200C38 /* SwiftUI.framework */ = {isa = PBXFileReference; lastKnownFileType = wrapper.framework; name = SwiftUI.framework; path = System/Library/Frameworks/SwiftUI.framework; sourceTree = SDKROOT; };
		9BB17B982DE149E100200C38 /* API.swift */ = {isa = PBXFileReference; lastKnownFileType = sourcecode.swift; path = API.swift; sourceTree = "<group>"; };
		9BB17B9B2DE1541C00200C38 /* AppStorage.swift */ = {isa = PBXFileReference; lastKnownFileType = sourcecode.swift; path = AppStorage.swift; sourceTree = "<group>"; };
		9BB3B9B62E1918D500B5F196 /* UserPricesManager.swift */ = {isa = PBXFileReference; lastKnownFileType = sourcecode.swift; path = UserPricesManager.swift; sourceTree = "<group>"; };
		9BB4309C2EA6A65200CC81D4 /* Assets.xcassets */ = {isa = PBXFileReference; lastKnownFileType = folder.assetcatalog; path = Assets.xcassets; sourceTree = "<group>"; };
		9BB4309D2EA6A65200CC81D4 /* ContentView.swift */ = {isa = PBXFileReference; lastKnownFileType = sourcecode.swift; path = ContentView.swift; sourceTree = "<group>"; };
		9BB4309E2EA6A65200CC81D4 /* GlowWattWatchOSApp.swift */ = {isa = PBXFileReference; lastKnownFileType = sourcecode.swift; path = GlowWattWatchOSApp.swift; sourceTree = "<group>"; };
		9BB4309F2EA6A65200CC81D4 /* PriceProvider.swift */ = {isa = PBXFileReference; lastKnownFileType = sourcecode.swift; path = PriceProvider.swift; sourceTree = "<group>"; };
		9BB430A02EA6A65200CC81D4 /* PriceView.swift */ = {isa = PBXFileReference; lastKnownFileType = sourcecode.swift; path = PriceView.swift; sourceTree = "<group>"; };
		9BB430A82EA6A65200CC81D4 /* Assets.xcassets */ = {isa = PBXFileReference; lastKnownFileType = folder.assetcatalog; path = Assets.xcassets; sourceTree = "<group>"; };
		9BB430A92EA6A65200CC81D4 /* GlowWattWatchOSWidget.swift */ = {isa = PBXFileReference; lastKnownFileType = sourcecode.swift; path = GlowWattWatchOSWidget.swift; sourceTree = "<group>"; };
		9BB430AA2EA6A65200CC81D4 /* Info.plist */ = {isa = PBXFileReference; lastKnownFileType = text.plist.xml; path = Info.plist; sourceTree = "<group>"; };
		9BB430AF2EA6C51D00CC81D4 /* SettingsView.swift */ = {isa = PBXFileReference; lastKnownFileType = sourcecode.swift; path = SettingsView.swift; sourceTree = "<group>"; };
		9BB430B12EA6C6CC00CC81D4 /* WatchOSSettingsModel.swift */ = {isa = PBXFileReference; lastKnownFileType = sourcecode.swift; path = WatchOSSettingsModel.swift; sourceTree = "<group>"; };
		9BB430B62EA6C71900CC81D4 /* GlowWattWatchOS Watch App.entitlements */ = {isa = PBXFileReference; lastKnownFileType = text.plist.entitlements; path = "GlowWattWatchOS Watch App.entitlements"; sourceTree = "<group>"; };
		9BB430B72EA6C79B00CC81D4 /* GlowWattWatchOSWidgetExtension.entitlements */ = {isa = PBXFileReference; lastKnownFileType = text.plist.entitlements; path = GlowWattWatchOSWidgetExtension.entitlements; sourceTree = "<group>"; };
		9BB430B82EA6C84F00CC81D4 /* GlowWattWidgetExtension.entitlements */ = {isa = PBXFileReference; lastKnownFileType = text.plist.entitlements; path = GlowWattWidgetExtension.entitlements; sourceTree = "<group>"; };
		9BB430B92EA6C89200CC81D4 /* GlowWatt.entitlements */ = {isa = PBXFileReference; lastKnownFileType = text.plist.entitlements; path = GlowWatt.entitlements; sourceTree = "<group>"; };
		9BB430BD2EA70FB300CC81D4 /* OnboardingView.swift */ = {isa = PBXFileReference; lastKnownFileType = sourcecode.swift; path = OnboardingView.swift; sourceTree = "<group>"; };
		9BD4C1DA2E83340700278A0D /* GlowWattAttributes.swift */ = {isa = PBXFileReference; lastKnownFileType = sourcecode.swift; path = GlowWattAttributes.swift; sourceTree = "<group>"; };
		9BD4C1DF2E83342F00278A0D /* LiveActivitesManager.swift */ = {isa = PBXFileReference; lastKnownFileType = sourcecode.swift; path = LiveActivitesManager.swift; sourceTree = "<group>"; };
		9BD4C24A2E83550300278A0D /* GlowWattApp.swift */ = {isa = PBXFileReference; lastKnownFileType = sourcecode.swift; path = GlowWattApp.swift; sourceTree = "<group>"; };
		9BD4C24C2E83550300278A0D /* PriceManager.swift */ = {isa = PBXFileReference; lastKnownFileType = sourcecode.swift; path = PriceManager.swift; sourceTree = "<group>"; };
		9BD4C24D2E83550300278A0D /* UIManager.swift */ = {isa = PBXFileReference; lastKnownFileType = sourcecode.swift; path = UIManager.swift; sourceTree = "<group>"; };
		9BD4C24F2E83550300278A0D /* HistoryCountSlider.swift */ = {isa = PBXFileReference; lastKnownFileType = sourcecode.swift; path = HistoryCountSlider.swift; sourceTree = "<group>"; };
		9BD4C2512E83550300278A0D /* HistoryChartView.swift */ = {isa = PBXFileReference; lastKnownFileType = sourcecode.swift; path = HistoryChartView.swift; sourceTree = "<group>"; };
		9BD4C2522E83550300278A0D /* HistoryCurrentView.swift */ = {isa = PBXFileReference; lastKnownFileType = sourcecode.swift; path = HistoryCurrentView.swift; sourceTree = "<group>"; };
		9BD4C2562E83550300278A0D /* PriceHeightModal.swift */ = {isa = PBXFileReference; lastKnownFileType = sourcecode.swift; path = PriceHeightModal.swift; sourceTree = "<group>"; };
		9BD4C2582E83550300278A0D /* SubmitFeedbackView.swift */ = {isa = PBXFileReference; lastKnownFileType = sourcecode.swift; path = SubmitFeedbackView.swift; sourceTree = "<group>"; };
		9BD4C25A2E83550300278A0D /* Settings.swift */ = {isa = PBXFileReference; lastKnownFileType = sourcecode.swift; path = Settings.swift; sourceTree = "<group>"; };
		9BD4C25C2E83550300278A0D /* Home.swift */ = {isa = PBXFileReference; lastKnownFileType = sourcecode.swift; path = Home.swift; sourceTree = "<group>"; };
		9BD4C25E2E83550300278A0D /* Assets.xcassets */ = {isa = PBXFileReference; lastKnownFileType = folder.assetcatalog; path = Assets.xcassets; sourceTree = "<group>"; };
		9BD4C25F2E83550300278A0D /* Info.plist */ = {isa = PBXFileReference; lastKnownFileType = text.plist.xml; path = Info.plist; sourceTree = "<group>"; };
		9BD4C26E2E83553C00278A0D /* GlowWattLiveActivities.swift */ = {isa = PBXFileReference; lastKnownFileType = sourcecode.swift; path = GlowWattLiveActivities.swift; sourceTree = "<group>"; };
		9BD4C2702E83553C00278A0D /* GlowWattAppIntent.swift */ = {isa = PBXFileReference; lastKnownFileType = sourcecode.swift; path = GlowWattAppIntent.swift; sourceTree = "<group>"; };
		9BD4C2712E83553C00278A0D /* GlowWattWidget.swift */ = {isa = PBXFileReference; lastKnownFileType = sourcecode.swift; path = GlowWattWidget.swift; sourceTree = "<group>"; };
		9BD4C2732E83553C00278A0D /* Assets.xcassets */ = {isa = PBXFileReference; lastKnownFileType = folder.assetcatalog; path = Assets.xcassets; sourceTree = "<group>"; };
		9BD4C2742E83553C00278A0D /* GlowWattWidgetBundle.swift */ = {isa = PBXFileReference; lastKnownFileType = sourcecode.swift; path = GlowWattWidgetBundle.swift; sourceTree = "<group>"; };
		9BD4C2752E83553C00278A0D /* Info.plist */ = {isa = PBXFileReference; lastKnownFileType = text.plist.xml; path = Info.plist; sourceTree = "<group>"; };
		9BD4C2802E8359C900278A0D /* PriceLimiterModal.swift */ = {isa = PBXFileReference; lastKnownFileType = sourcecode.swift; path = PriceLimiterModal.swift; sourceTree = "<group>"; };
		9BD4C2842E835B2A00278A0D /* PriceView.swift */ = {isa = PBXFileReference; lastKnownFileType = sourcecode.swift; path = PriceView.swift; sourceTree = "<group>"; };
		9BF95DD92E90B58600776771 /* GlowWatt.icon */ = {isa = PBXFileReference; lastKnownFileType = folder.iconcomposer.icon; path = GlowWatt.icon; sourceTree = "<group>"; };
		9BF95EC12E92477700776771 /* HapticStyle.swift */ = {isa = PBXFileReference; lastKnownFileType = sourcecode.swift; path = HapticStyle.swift; sourceTree = "<group>"; };
		9BF95EC32E930F5700776771 /* layerEffects.metal */ = {isa = PBXFileReference; lastKnownFileType = sourcecode.metal; path = layerEffects.metal; sourceTree = "<group>"; };
		9BFDF4772EB18FD4005F3BB0 /* ToolbarCancel.swift */ = {isa = PBXFileReference; lastKnownFileType = sourcecode.swift; path = ToolbarCancel.swift; sourceTree = "<group>"; };
/* End PBXFileReference section */

/* Begin PBXFrameworksBuildPhase section */
		9B07AE412DE932A600024AFD /* Frameworks */ = {
			isa = PBXFrameworksBuildPhase;
			buildActionMask = 2147483647;
			files = (
			);
			runOnlyForDeploymentPostprocessing = 0;
		};
		9B07AE592DE9429700024AFD /* Frameworks */ = {
			isa = PBXFrameworksBuildPhase;
			buildActionMask = 2147483647;
			files = (
				9B07AE5E2DE9429700024AFD /* SwiftUI.framework in Frameworks */,
				9B07AE5D2DE9429700024AFD /* WidgetKit.framework in Frameworks */,
			);
			runOnlyForDeploymentPostprocessing = 0;
		};
		9BB17B632DE148DA00200C38 /* Frameworks */ = {
			isa = PBXFrameworksBuildPhase;
			buildActionMask = 2147483647;
			files = (
			);
			runOnlyForDeploymentPostprocessing = 0;
		};
		9BB17B782DE1490200200C38 /* Frameworks */ = {
			isa = PBXFrameworksBuildPhase;
			buildActionMask = 2147483647;
			files = (
				9BB17B802DE1490200200C38 /* SwiftUI.framework in Frameworks */,
				9BB17B7E2DE1490200200C38 /* WidgetKit.framework in Frameworks */,
			);
			runOnlyForDeploymentPostprocessing = 0;
		};
/* End PBXFrameworksBuildPhase section */

/* Begin PBXGroup section */
		9B30A1852EAC92E600D640D6 /* Accessibility */ = {
			isa = PBXGroup;
			children = (
				9B30A1982EAD3DB000D640D6 /* HapticSettings.swift */,
				9B30A1942EACA72A00D640D6 /* PriceHeightSettings.swift */,
				9B30A1922EACA71700D640D6 /* PriceTapAnimation.swift */,
				9B736CBE2E9454410063C622 /* PriceTapSettingsView.swift */,
				9B30A1862EAC92EF00D640D6 /* AccessibilitySettings.swift */,
			);
			path = Accessibility;
			sourceTree = "<group>";
		};
		9B30A18C2EACA48B00D640D6 /* Issues */ = {
			isa = PBXGroup;
			children = (
				9B30A18D2EACA49300D640D6 /* IssuesSettings.swift */,
				9BD4C2582E83550300278A0D /* SubmitFeedbackView.swift */,
			);
			path = Issues;
			sourceTree = "<group>";
		};
		9B30A18F2EACA5EB00D640D6 /* PriceSettings */ = {
			isa = PBXGroup;
			children = (
				9B30A1902EACA5FD00D640D6 /* PriceOptionView.swift */,
				9B30A1832EAC8ED800D640D6 /* PriceSettingsView.swift */,
			);
			path = PriceSettings;
			sourceTree = "<group>";
		};
		9B30A1962EACBF1E00D640D6 /* Config */ = {
			isa = PBXGroup;
			children = (
				9BD4C25F2E83550300278A0D /* Info.plist */,
				9BB430B92EA6C89200CC81D4 /* GlowWatt.entitlements */,
			);
			path = Config;
			sourceTree = "<group>";
		};
		9B30A1972EACBF7F00D640D6 /* Config */ = {
			isa = PBXGroup;
			children = (
				9BD4C2752E83553C00278A0D /* Info.plist */,
				9BB430B82EA6C84F00CC81D4 /* GlowWattWidgetExtension.entitlements */,
			);
			path = Config;
			sourceTree = "<group>";
		};
		9B4E05612E942B78001CF411 /* Components */ = {
			isa = PBXGroup;
			children = (
				9BFDF4772EB18FD4005F3BB0 /* ToolbarCancel.swift */,
				9B4E05632E942B82001CF411 /* RippleEffect.swift */,
				9B4E05602E942B78001CF411 /* SpatialPressingGestureModifier.swift */,
			);
			path = Components;
			sourceTree = "<group>";
		};
		9B736CD32E9485860063C622 /* Intents */ = {
			isa = PBXGroup;
			children = (
				9B736CD42E9485880063C622 /* FetchIntent.swift */,
			);
			path = Intents;
			sourceTree = "<group>";
		};
		9BB17B5D2DE148DA00200C38 = {
			isa = PBXGroup;
			children = (
				9BB17B972DE149B600200C38 /* Shared */,
				9BD4C2602E83550300278A0D /* GlowWatt */,
				9BD4C2762E83553C00278A0D /* GlowWattWidget */,
				9BB430A12EA6A65200CC81D4 /* GlowWattWatchOS Watch App */,
				9BB430AB2EA6A65200CC81D4 /* GlowWattWatchOSWidget */,
				9BB17B7C2DE1490200200C38 /* Frameworks */,
				9BB17B672DE148DA00200C38 /* Products */,
				9BF95DD92E90B58600776771 /* GlowWatt.icon */,
			);
			sourceTree = "<group>";
		};
		9BB17B672DE148DA00200C38 /* Products */ = {
			isa = PBXGroup;
			children = (
				9BB17B662DE148DA00200C38 /* GlowWatt.app */,
				9BB17B7B2DE1490200200C38 /* GlowWattWidgetExtension.appex */,
				9B07AE442DE932A600024AFD /* GlowWattWatchOS Watch App.app */,
				9B07AE5C2DE9429700024AFD /* GlowWattWatchOSWidgetExtension.appex */,
			);
			name = Products;
			sourceTree = "<group>";
		};
		9BB17B7C2DE1490200200C38 /* Frameworks */ = {
			isa = PBXGroup;
			children = (
				9BB17B7D2DE1490200200C38 /* WidgetKit.framework */,
				9BB17B7F2DE1490200200C38 /* SwiftUI.framework */,
			);
			name = Frameworks;
			sourceTree = "<group>";
		};
		9BB17B972DE149B600200C38 /* Shared */ = {
			isa = PBXGroup;
			children = (
				9B736CD32E9485860063C622 /* Intents */,
				9BD4C1D92E8333EC00278A0D /* LiveActivities */,
				9BD4C1D82E8333C500278A0D /* API */,
				9BD4C27D2E83574300278A0D /* Storage */,
			);
			path = Shared;
			sourceTree = "<group>";
		};
		9BB430A12EA6A65200CC81D4 /* GlowWattWatchOS Watch App */ = {
			isa = PBXGroup;
			children = (
				9BB430B62EA6C71900CC81D4 /* GlowWattWatchOS Watch App.entitlements */,
				9BB4309C2EA6A65200CC81D4 /* Assets.xcassets */,
				9BB4309E2EA6A65200CC81D4 /* GlowWattWatchOSApp.swift */,
				9BB4309D2EA6A65200CC81D4 /* ContentView.swift */,
				9BB430AF2EA6C51D00CC81D4 /* SettingsView.swift */,
				9BB4309F2EA6A65200CC81D4 /* PriceProvider.swift */,
				9BB430A02EA6A65200CC81D4 /* PriceView.swift */,
			);
			path = "GlowWattWatchOS Watch App";
			sourceTree = "<group>";
		};
		9BB430AB2EA6A65200CC81D4 /* GlowWattWatchOSWidget */ = {
			isa = PBXGroup;
			children = (
				9BB430A82EA6A65200CC81D4 /* Assets.xcassets */,
				9BB430A92EA6A65200CC81D4 /* GlowWattWatchOSWidget.swift */,
				9BB430AA2EA6A65200CC81D4 /* Info.plist */,
				9BB430B72EA6C79B00CC81D4 /* GlowWattWatchOSWidgetExtension.entitlements */,
			);
			path = GlowWattWatchOSWidget;
			sourceTree = "<group>";
		};
		9BB430BC2EA70FAD00CC81D4 /* Onboarding */ = {
			isa = PBXGroup;
			children = (
				9BB430BD2EA70FB300CC81D4 /* OnboardingView.swift */,
				9B10FC782EA7152300A7687D /* OnboardingPageOne.swift */,
				9B10FC7A2EA715AD00A7687D /* OnboardingPageTwo.swift */,
				9B10FC7C2EA71BC700A7687D /* OnboardingPageThree.swift */,
			);
			path = Onboarding;
			sourceTree = "<group>";
		};
		9BD4C1D82E8333C500278A0D /* API */ = {
			isa = PBXGroup;
			children = (
				9BB17B982DE149E100200C38 /* API.swift */,
			);
			path = API;
			sourceTree = "<group>";
		};
		9BD4C1D92E8333EC00278A0D /* LiveActivities */ = {
			isa = PBXGroup;
			children = (
				9BD4C1DF2E83342F00278A0D /* LiveActivitesManager.swift */,
				9BD4C1DA2E83340700278A0D /* GlowWattAttributes.swift */,
			);
			path = LiveActivities;
			sourceTree = "<group>";
		};
		9BD4C24E2E83550300278A0D /* Managers */ = {
			isa = PBXGroup;
			children = (
				9BD4C24C2E83550300278A0D /* PriceManager.swift */,
				9BD4C24D2E83550300278A0D /* UIManager.swift */,
				9B736CC32E9454C90063C622 /* Untitled.swift */,
				9BB3B9B62E1918D500B5F196 /* UserPricesManager.swift */,
				9B10FC7E2EA71C8400A7687D /* OnboardingManager.swift */,
			);
			path = Managers;
			sourceTree = "<group>";
		};
		9BD4C2532E83550300278A0D /* HistoryCurrentView */ = {
			isa = PBXGroup;
			children = (
				9BD4C2512E83550300278A0D /* HistoryChartView.swift */,
				9BD4C2522E83550300278A0D /* HistoryCurrentView.swift */,
			);
			path = HistoryCurrentView;
			sourceTree = "<group>";
		};
		9BD4C2552E83550300278A0D /* History */ = {
			isa = PBXGroup;
			children = (
				9BD4C2532E83550300278A0D /* HistoryCurrentView */,
				9BD4C24F2E83550300278A0D /* HistoryCountSlider.swift */,
				9B30A18A2EACA3E900D640D6 /* HistorySettings.swift */,
			);
			path = History;
			sourceTree = "<group>";
		};
		9BD4C25B2E83550300278A0D /* Settings */ = {
			isa = PBXGroup;
			children = (
				9B30A18F2EACA5EB00D640D6 /* PriceSettings */,
				9B30A18C2EACA48B00D640D6 /* Issues */,
				9BD4C2552E83550300278A0D /* History */,
				9B30A1852EAC92E600D640D6 /* Accessibility */,
				9BD4C25A2E83550300278A0D /* Settings.swift */,
			);
			path = Settings;
			sourceTree = "<group>";
		};
		9BD4C25D2E83550300278A0D /* Views */ = {
			isa = PBXGroup;
			children = (
				9B4E05612E942B78001CF411 /* Components */,
				9BB430BC2EA70FAD00CC81D4 /* Onboarding */,
				9BD4C27F2E8358C500278A0D /* Home */,
				9BD4C25B2E83550300278A0D /* Settings */,
			);
			path = Views;
			sourceTree = "<group>";
		};
		9BD4C2602E83550300278A0D /* GlowWatt */ = {
			isa = PBXGroup;
			children = (
				9BD4C24A2E83550300278A0D /* GlowWattApp.swift */,
				9BD4C24E2E83550300278A0D /* Managers */,
				9BD4C25D2E83550300278A0D /* Views */,
				9BF95EC02E92476A00776771 /* Models */,
				9B30A1962EACBF1E00D640D6 /* Config */,
				9BD4C25E2E83550300278A0D /* Assets.xcassets */,
			);
			path = GlowWatt;
			sourceTree = "<group>";
		};
		9BD4C2762E83553C00278A0D /* GlowWattWidget */ = {
			isa = PBXGroup;
			children = (
				9BD4C2742E83553C00278A0D /* GlowWattWidgetBundle.swift */,
				9BD4C26E2E83553C00278A0D /* GlowWattLiveActivities.swift */,
				9BD4C2702E83553C00278A0D /* GlowWattAppIntent.swift */,
				9BD4C2712E83553C00278A0D /* GlowWattWidget.swift */,
				9B30A1972EACBF7F00D640D6 /* Config */,
				9BD4C2732E83553C00278A0D /* Assets.xcassets */,
			);
			path = GlowWattWidget;
			sourceTree = "<group>";
		};
		9BD4C27D2E83574300278A0D /* Storage */ = {
			isa = PBXGroup;
			children = (
				9BB430B12EA6C6CC00CC81D4 /* WatchOSSettingsModel.swift */,
				9BB17B9B2DE1541C00200C38 /* AppStorage.swift */,
			);
			path = Storage;
			sourceTree = "<group>";
		};
		9BD4C27F2E8358C500278A0D /* Home */ = {
			isa = PBXGroup;
			children = (
				9BF95EC32E930F5700776771 /* layerEffects.metal */,
				9BD4C2842E835B2A00278A0D /* PriceView.swift */,
				9BD4C2562E83550300278A0D /* PriceHeightModal.swift */,
				9BD4C2802E8359C900278A0D /* PriceLimiterModal.swift */,
				9BD4C25C2E83550300278A0D /* Home.swift */,
			);
			path = Home;
			sourceTree = "<group>";
		};
		9BF95EC02E92476A00776771 /* Models */ = {
			isa = PBXGroup;
			children = (
				9B736CC12E94544A0063C622 /* PriceTapAnimations.swift */,
				9B736CBC2E9454340063C622 /* Graph.swift */,
				9BF95EC12E92477700776771 /* HapticStyle.swift */,
			);
			path = Models;
			sourceTree = "<group>";
		};
/* End PBXGroup section */

/* Begin PBXNativeTarget section */
		9B07AE432DE932A600024AFD /* GlowWattWatchOS Watch App */ = {
			isa = PBXNativeTarget;
			buildConfigurationList = 9B07AE522DE932A600024AFD /* Build configuration list for PBXNativeTarget "GlowWattWatchOS Watch App" */;
			buildPhases = (
				9B07AE402DE932A600024AFD /* Sources */,
				9B07AE412DE932A600024AFD /* Frameworks */,
				9B07AE422DE932A600024AFD /* Resources */,
				9B07AE6E2DE9429800024AFD /* Embed Foundation Extensions */,
			);
			buildRules = (
			);
			dependencies = (
				9B07AE682DE9429800024AFD /* PBXTargetDependency */,
			);
			name = "GlowWattWatchOS Watch App";
			packageProductDependencies = (
			);
			productName = "GlowWattWatchOS Watch App";
			productReference = 9B07AE442DE932A600024AFD /* GlowWattWatchOS Watch App.app */;
			productType = "com.apple.product-type.application";
		};
		9B07AE5B2DE9429700024AFD /* GlowWattWatchOSWidgetExtension */ = {
			isa = PBXNativeTarget;
			buildConfigurationList = 9B07AE6B2DE9429800024AFD /* Build configuration list for PBXNativeTarget "GlowWattWatchOSWidgetExtension" */;
			buildPhases = (
				9B07AE582DE9429700024AFD /* Sources */,
				9B07AE592DE9429700024AFD /* Frameworks */,
				9B07AE5A2DE9429700024AFD /* Resources */,
			);
			buildRules = (
			);
			dependencies = (
			);
			name = GlowWattWatchOSWidgetExtension;
			packageProductDependencies = (
			);
			productName = GlowWattWatchOSWidgetExtension;
			productReference = 9B07AE5C2DE9429700024AFD /* GlowWattWatchOSWidgetExtension.appex */;
			productType = "com.apple.product-type.app-extension";
		};
		9BB17B652DE148DA00200C38 /* GlowWatt */ = {
			isa = PBXNativeTarget;
			buildConfigurationList = 9BB17B742DE148DC00200C38 /* Build configuration list for PBXNativeTarget "GlowWatt" */;
			buildPhases = (
				9BB17B622DE148DA00200C38 /* Sources */,
				9BB17B632DE148DA00200C38 /* Frameworks */,
				9BB17B642DE148DA00200C38 /* Resources */,
				9BB17B962DE1490400200C38 /* Embed Foundation Extensions */,
				9B07AE552DE932A600024AFD /* Embed Watch Content */,
			);
			buildRules = (
			);
			dependencies = (
				9BB17B902DE1490400200C38 /* PBXTargetDependency */,
				9B07AE502DE932A600024AFD /* PBXTargetDependency */,
			);
			name = GlowWatt;
			packageProductDependencies = (
			);
			productName = GlowWatt;
			productReference = 9BB17B662DE148DA00200C38 /* GlowWatt.app */;
			productType = "com.apple.product-type.application";
		};
		9BB17B7A2DE1490200200C38 /* GlowWattWidgetExtension */ = {
			isa = PBXNativeTarget;
			buildConfigurationList = 9BB17B932DE1490400200C38 /* Build configuration list for PBXNativeTarget "GlowWattWidgetExtension" */;
			buildPhases = (
				9BB17B772DE1490200200C38 /* Sources */,
				9BB17B782DE1490200200C38 /* Frameworks */,
				9BB17B792DE1490200200C38 /* Resources */,
			);
			buildRules = (
			);
			dependencies = (
			);
			name = GlowWattWidgetExtension;
			packageProductDependencies = (
			);
			productName = GlowWattWidgetExtension;
			productReference = 9BB17B7B2DE1490200200C38 /* GlowWattWidgetExtension.appex */;
			productType = "com.apple.product-type.app-extension";
		};
/* End PBXNativeTarget section */

/* Begin PBXProject section */
		9BB17B5E2DE148DA00200C38 /* Project object */ = {
			isa = PBXProject;
			attributes = {
				BuildIndependentTargetsInParallel = 1;
				LastSwiftUpdateCheck = 1620;
				LastUpgradeCheck = 1620;
				TargetAttributes = {
					9B07AE432DE932A600024AFD = {
						CreatedOnToolsVersion = 16.2;
					};
					9B07AE5B2DE9429700024AFD = {
						CreatedOnToolsVersion = 16.2;
					};
					9BB17B652DE148DA00200C38 = {
						CreatedOnToolsVersion = 16.2;
					};
					9BB17B7A2DE1490200200C38 = {
						CreatedOnToolsVersion = 16.2;
					};
				};
			};
			buildConfigurationList = 9BB17B612DE148DA00200C38 /* Build configuration list for PBXProject "GlowWatt" */;
			developmentRegion = en;
			hasScannedForEncodings = 0;
			knownRegions = (
				en,
				Base,
			);
			mainGroup = 9BB17B5D2DE148DA00200C38;
			minimizedProjectReferenceProxies = 1;
			preferredProjectObjectVersion = 77;
			productRefGroup = 9BB17B672DE148DA00200C38 /* Products */;
			projectDirPath = "";
			projectRoot = "";
			targets = (
				9BB17B652DE148DA00200C38 /* GlowWatt */,
				9BB17B7A2DE1490200200C38 /* GlowWattWidgetExtension */,
				9B07AE432DE932A600024AFD /* GlowWattWatchOS Watch App */,
				9B07AE5B2DE9429700024AFD /* GlowWattWatchOSWidgetExtension */,
			);
		};
/* End PBXProject section */

/* Begin PBXResourcesBuildPhase section */
		9B07AE422DE932A600024AFD /* Resources */ = {
			isa = PBXResourcesBuildPhase;
			buildActionMask = 2147483647;
			files = (
				9BB430A32EA6A65200CC81D4 /* Assets.xcassets in Resources */,
				9BF95DDC2E90B58600776771 /* GlowWatt.icon in Resources */,
			);
			runOnlyForDeploymentPostprocessing = 0;
		};
		9B07AE5A2DE9429700024AFD /* Resources */ = {
			isa = PBXResourcesBuildPhase;
			buildActionMask = 2147483647;
			files = (
				9BB430AD2EA6A65200CC81D4 /* Assets.xcassets in Resources */,
				9BF95DDD2E90B58600776771 /* GlowWatt.icon in Resources */,
			);
			runOnlyForDeploymentPostprocessing = 0;
		};
		9BB17B642DE148DA00200C38 /* Resources */ = {
			isa = PBXResourcesBuildPhase;
			buildActionMask = 2147483647;
			files = (
				9BD4C2612E83550300278A0D /* Assets.xcassets in Resources */,
				9BF95DDA2E90B58600776771 /* GlowWatt.icon in Resources */,
			);
			runOnlyForDeploymentPostprocessing = 0;
		};
		9BB17B792DE1490200200C38 /* Resources */ = {
			isa = PBXResourcesBuildPhase;
			buildActionMask = 2147483647;
			files = (
				9BD4C27B2E83553C00278A0D /* Assets.xcassets in Resources */,
				9BF95DDB2E90B58600776771 /* GlowWatt.icon in Resources */,
			);
			runOnlyForDeploymentPostprocessing = 0;
		};
/* End PBXResourcesBuildPhase section */

/* Begin PBXSourcesBuildPhase section */
		9B07AE402DE932A600024AFD /* Sources */ = {
			isa = PBXSourcesBuildPhase;
			buildActionMask = 2147483647;
			files = (
				9BB430B52EA6C6D000CC81D4 /* WatchOSSettingsModel.swift in Sources */,
				9BB430B02EA6C52100CC81D4 /* SettingsView.swift in Sources */,
				9B07AE562DE9365700024AFD /* AppStorage.swift in Sources */,
				9BB430A42EA6A65200CC81D4 /* ContentView.swift in Sources */,
				9BB430A52EA6A65200CC81D4 /* GlowWattWatchOSApp.swift in Sources */,
				9BB430A62EA6A65200CC81D4 /* PriceProvider.swift in Sources */,
				9BB430A72EA6A65200CC81D4 /* PriceView.swift in Sources */,
				9B07AE572DE9365C00024AFD /* API.swift in Sources */,
			);
			runOnlyForDeploymentPostprocessing = 0;
		};
		9B07AE582DE9429700024AFD /* Sources */ = {
			isa = PBXSourcesBuildPhase;
			buildActionMask = 2147483647;
			files = (
				9BB430B42EA6C6D000CC81D4 /* WatchOSSettingsModel.swift in Sources */,
				9B07AE6F2DE9437100024AFD /* AppStorage.swift in Sources */,
				9B07AE702DE9437100024AFD /* API.swift in Sources */,
				9BB430AC2EA6A65200CC81D4 /* GlowWattWatchOSWidget.swift in Sources */,
			);
			runOnlyForDeploymentPostprocessing = 0;
		};
		9BB17B622DE148DA00200C38 /* Sources */ = {
			isa = PBXSourcesBuildPhase;
			buildActionMask = 2147483647;
			files = (
				9B736CBD2E9454360063C622 /* Graph.swift in Sources */,
				9BB17B9D2DE1541E00200C38 /* AppStorage.swift in Sources */,
				9BD4C1E12E83343200278A0D /* LiveActivitesManager.swift in Sources */,
				9BF95EC22E92478C00776771 /* HapticStyle.swift in Sources */,
				9BD4C2812E8359CE00278A0D /* PriceLimiterModal.swift in Sources */,
				9B4E05642E942B82001CF411 /* RippleEffect.swift in Sources */,
				9B30A1932EACA71B00D640D6 /* PriceTapAnimation.swift in Sources */,
				9B10FC7D2EA71BCB00A7687D /* OnboardingPageThree.swift in Sources */,
				9B30A1912EACA5FF00D640D6 /* PriceOptionView.swift in Sources */,
				9BB17B992DE149EB00200C38 /* API.swift in Sources */,
				9BD4C1DC2E83340800278A0D /* GlowWattAttributes.swift in Sources */,
				9BB3B9B82E1918EA00B5F196 /* UserPricesManager.swift in Sources */,
				9BD4C2632E83550300278A0D /* GlowWattApp.swift in Sources */,
				9BD4C2642E83550300278A0D /* PriceManager.swift in Sources */,
				9BD4C2652E83550300278A0D /* UIManager.swift in Sources */,
				9B10FC792EA7152500A7687D /* OnboardingPageOne.swift in Sources */,
				9B30A18B2EACA3EB00D640D6 /* HistorySettings.swift in Sources */,
				9BB430BE2EA70FB800CC81D4 /* OnboardingView.swift in Sources */,
				9B30A1872EAC92F000D640D6 /* AccessibilitySettings.swift in Sources */,
				9BD4C2662E83550300278A0D /* HistoryCountSlider.swift in Sources */,
				9BD4C2672E83550300278A0D /* HistoryChartView.swift in Sources */,
				9BD4C2682E83550300278A0D /* HistoryCurrentView.swift in Sources */,
				9B30A18E2EACA49900D640D6 /* IssuesSettings.swift in Sources */,
				9BFDF4782EB18FD9005F3BB0 /* ToolbarCancel.swift in Sources */,
				9B10FC7B2EA715B000A7687D /* OnboardingPageTwo.swift in Sources */,
				9B30A1992EAD3DB300D640D6 /* HapticSettings.swift in Sources */,
				9B4E05622E942B78001CF411 /* SpatialPressingGestureModifier.swift in Sources */,
				9B736CC02E9454410063C622 /* PriceTapSettingsView.swift in Sources */,
				9BD4C26A2E83550300278A0D /* PriceHeightModal.swift in Sources */,
				9B30A1842EAC8EDB00D640D6 /* PriceSettingsView.swift in Sources */,
				9B30A1952EACA72D00D640D6 /* PriceHeightSettings.swift in Sources */,
				9B10FC7F2EA71C8600A7687D /* OnboardingManager.swift in Sources */,
				9BD4C2852E835B2B00278A0D /* PriceView.swift in Sources */,
				9BD4C26B2E83550300278A0D /* SubmitFeedbackView.swift in Sources */,
				9B736CD72E94858A0063C622 /* FetchIntent.swift in Sources */,
				9BF95EC42E930F5B00776771 /* layerEffects.metal in Sources */,
				9B736CC22E94544F0063C622 /* PriceTapAnimations.swift in Sources */,
				9BD4C26C2E83550300278A0D /* Settings.swift in Sources */,
				9BD4C26D2E83550300278A0D /* Home.swift in Sources */,
			);
			runOnlyForDeploymentPostprocessing = 0;
		};
		9BB17B772DE1490200200C38 /* Sources */ = {
			isa = PBXSourcesBuildPhase;
			buildActionMask = 2147483647;
			files = (
				9BB17B9C2DE1541E00200C38 /* AppStorage.swift in Sources */,
				9BD4C1E02E83343200278A0D /* LiveActivitesManager.swift in Sources */,
				9BB430BA2EA6E70500CC81D4 /* FetchIntent.swift in Sources */,
				9BB17B9A2DE149EB00200C38 /* API.swift in Sources */,
				9BD4C1DE2E83340800278A0D /* GlowWattAttributes.swift in Sources */,
				9BD4C2772E83553C00278A0D /* GlowWattLiveActivities.swift in Sources */,
				9BD4C2782E83553C00278A0D /* GlowWattAppIntent.swift in Sources */,
				9BD4C2792E83553C00278A0D /* GlowWattWidget.swift in Sources */,
				9BD4C27A2E83553C00278A0D /* GlowWattWidgetBundle.swift in Sources */,
			);
			runOnlyForDeploymentPostprocessing = 0;
		};
/* End PBXSourcesBuildPhase section */

/* Begin PBXTargetDependency section */
		9B07AE502DE932A600024AFD /* PBXTargetDependency */ = {
			isa = PBXTargetDependency;
			target = 9B07AE432DE932A600024AFD /* GlowWattWatchOS Watch App */;
			targetProxy = 9B07AE4F2DE932A600024AFD /* PBXContainerItemProxy */;
		};
		9B07AE682DE9429800024AFD /* PBXTargetDependency */ = {
			isa = PBXTargetDependency;
			target = 9B07AE5B2DE9429700024AFD /* GlowWattWatchOSWidgetExtension */;
			targetProxy = 9B07AE672DE9429800024AFD /* PBXContainerItemProxy */;
		};
		9BB17B902DE1490400200C38 /* PBXTargetDependency */ = {
			isa = PBXTargetDependency;
			target = 9BB17B7A2DE1490200200C38 /* GlowWattWidgetExtension */;
			targetProxy = 9BB17B8F2DE1490400200C38 /* PBXContainerItemProxy */;
		};
/* End PBXTargetDependency section */

/* Begin XCBuildConfiguration section */
		9B07AE532DE932A600024AFD /* Debug */ = {
			isa = XCBuildConfiguration;
			buildSettings = {
				ASSETCATALOG_COMPILER_APPICON_NAME = GlowWatt;
				ASSETCATALOG_COMPILER_GLOBAL_ACCENT_COLOR_NAME = AccentColor;
				CODE_SIGN_ENTITLEMENTS = "GlowWattWatchOS Watch App/GlowWattWatchOS Watch App.entitlements";
				CODE_SIGN_STYLE = Automatic;
				CURRENT_PROJECT_VERSION = 24;
				DEVELOPMENT_TEAM = B9P888266K;
				ENABLE_PREVIEWS = YES;
				GENERATE_INFOPLIST_FILE = YES;
				INFOPLIST_KEY_CFBundleDisplayName = GlowWattWatchOS;
				INFOPLIST_KEY_UISupportedInterfaceOrientations = "UIInterfaceOrientationPortrait UIInterfaceOrientationPortraitUpsideDown";
				INFOPLIST_KEY_WKCompanionAppBundleIdentifier = app.aryanrogye.GlowWatt;
				LD_RUNPATH_SEARCH_PATHS = (
					"$(inherited)",
					"@executable_path/Frameworks",
				);
				MARKETING_VERSION = 1.24;
				PRODUCT_BUNDLE_IDENTIFIER = app.aryanrogye.GlowWatt.watchkitapp;
				PRODUCT_NAME = "$(TARGET_NAME)";
				SDKROOT = watchos;
				SKIP_INSTALL = YES;
				SWIFT_EMIT_LOC_STRINGS = YES;
				SWIFT_VERSION = 5.0;
				TARGETED_DEVICE_FAMILY = 4;
				WATCHOS_DEPLOYMENT_TARGET = 11.2;
			};
			name = Debug;
		};
		9B07AE542DE932A600024AFD /* Release */ = {
			isa = XCBuildConfiguration;
			buildSettings = {
				ASSETCATALOG_COMPILER_APPICON_NAME = GlowWatt;
				ASSETCATALOG_COMPILER_GLOBAL_ACCENT_COLOR_NAME = AccentColor;
				CODE_SIGN_ENTITLEMENTS = "GlowWattWatchOS Watch App/GlowWattWatchOS Watch App.entitlements";
				CODE_SIGN_STYLE = Automatic;
				CURRENT_PROJECT_VERSION = 24;
				DEVELOPMENT_TEAM = B9P888266K;
				ENABLE_PREVIEWS = YES;
				GENERATE_INFOPLIST_FILE = YES;
				INFOPLIST_KEY_CFBundleDisplayName = GlowWattWatchOS;
				INFOPLIST_KEY_UISupportedInterfaceOrientations = "UIInterfaceOrientationPortrait UIInterfaceOrientationPortraitUpsideDown";
				INFOPLIST_KEY_WKCompanionAppBundleIdentifier = app.aryanrogye.GlowWatt;
				LD_RUNPATH_SEARCH_PATHS = (
					"$(inherited)",
					"@executable_path/Frameworks",
				);
				MARKETING_VERSION = 1.24;
				PRODUCT_BUNDLE_IDENTIFIER = app.aryanrogye.GlowWatt.watchkitapp;
				PRODUCT_NAME = "$(TARGET_NAME)";
				SDKROOT = watchos;
				SKIP_INSTALL = YES;
				SWIFT_EMIT_LOC_STRINGS = YES;
				SWIFT_VERSION = 5.0;
				TARGETED_DEVICE_FAMILY = 4;
				WATCHOS_DEPLOYMENT_TARGET = 11.2;
			};
			name = Release;
		};
		9B07AE6C2DE9429800024AFD /* Debug */ = {
			isa = XCBuildConfiguration;
			buildSettings = {
				ASSETCATALOG_COMPILER_GLOBAL_ACCENT_COLOR_NAME = AccentColor;
				ASSETCATALOG_COMPILER_WIDGET_BACKGROUND_COLOR_NAME = WidgetBackground;
				CODE_SIGN_ENTITLEMENTS = GlowWattWatchOSWidget/GlowWattWatchOSWidgetExtension.entitlements;
				CODE_SIGN_STYLE = Automatic;
				CURRENT_PROJECT_VERSION = 24;
				DEVELOPMENT_TEAM = B9P888266K;
				GENERATE_INFOPLIST_FILE = YES;
				INFOPLIST_FILE = GlowWattWatchOSWidget/Info.plist;
				INFOPLIST_KEY_CFBundleDisplayName = GlowWattWatchOSWidget;
				INFOPLIST_KEY_NSHumanReadableCopyright = "";
				LD_RUNPATH_SEARCH_PATHS = (
					"$(inherited)",
					"@executable_path/Frameworks",
					"@executable_path/../../Frameworks",
					"@executable_path/../../../../Frameworks",
				);
				MARKETING_VERSION = 1.24;
				PRODUCT_BUNDLE_IDENTIFIER = app.aryanrogye.GlowWatt.watchkitapp.GlowWattWatchOSWidget;
				PRODUCT_NAME = "$(TARGET_NAME)";
				SDKROOT = watchos;
				SKIP_INSTALL = YES;
				SWIFT_EMIT_LOC_STRINGS = YES;
				SWIFT_VERSION = 5.0;
				TARGETED_DEVICE_FAMILY = 4;
				WATCHOS_DEPLOYMENT_TARGET = 11.2;
			};
			name = Debug;
		};
		9B07AE6D2DE9429800024AFD /* Release */ = {
			isa = XCBuildConfiguration;
			buildSettings = {
				ASSETCATALOG_COMPILER_GLOBAL_ACCENT_COLOR_NAME = AccentColor;
				ASSETCATALOG_COMPILER_WIDGET_BACKGROUND_COLOR_NAME = WidgetBackground;
				CODE_SIGN_ENTITLEMENTS = GlowWattWatchOSWidget/GlowWattWatchOSWidgetExtension.entitlements;
				CODE_SIGN_STYLE = Automatic;
				CURRENT_PROJECT_VERSION = 24;
				DEVELOPMENT_TEAM = B9P888266K;
				GENERATE_INFOPLIST_FILE = YES;
				INFOPLIST_FILE = GlowWattWatchOSWidget/Info.plist;
				INFOPLIST_KEY_CFBundleDisplayName = GlowWattWatchOSWidget;
				INFOPLIST_KEY_NSHumanReadableCopyright = "";
				LD_RUNPATH_SEARCH_PATHS = (
					"$(inherited)",
					"@executable_path/Frameworks",
					"@executable_path/../../Frameworks",
					"@executable_path/../../../../Frameworks",
				);
				MARKETING_VERSION = 1.24;
				PRODUCT_BUNDLE_IDENTIFIER = app.aryanrogye.GlowWatt.watchkitapp.GlowWattWatchOSWidget;
				PRODUCT_NAME = "$(TARGET_NAME)";
				SDKROOT = watchos;
				SKIP_INSTALL = YES;
				SWIFT_EMIT_LOC_STRINGS = YES;
				SWIFT_VERSION = 5.0;
				TARGETED_DEVICE_FAMILY = 4;
				WATCHOS_DEPLOYMENT_TARGET = 11.2;
			};
			name = Release;
		};
		9BB17B722DE148DC00200C38 /* Debug */ = {
			isa = XCBuildConfiguration;
			buildSettings = {
				ALWAYS_SEARCH_USER_PATHS = NO;
				ASSETCATALOG_COMPILER_GENERATE_SWIFT_ASSET_SYMBOL_EXTENSIONS = YES;
				CLANG_ANALYZER_NONNULL = YES;
				CLANG_ANALYZER_NUMBER_OBJECT_CONVERSION = YES_AGGRESSIVE;
				CLANG_CXX_LANGUAGE_STANDARD = "gnu++20";
				CLANG_ENABLE_MODULES = YES;
				CLANG_ENABLE_OBJC_ARC = YES;
				CLANG_ENABLE_OBJC_WEAK = YES;
				CLANG_WARN_BLOCK_CAPTURE_AUTORELEASING = YES;
				CLANG_WARN_BOOL_CONVERSION = YES;
				CLANG_WARN_COMMA = YES;
				CLANG_WARN_CONSTANT_CONVERSION = YES;
				CLANG_WARN_DEPRECATED_OBJC_IMPLEMENTATIONS = YES;
				CLANG_WARN_DIRECT_OBJC_ISA_USAGE = YES_ERROR;
				CLANG_WARN_DOCUMENTATION_COMMENTS = YES;
				CLANG_WARN_EMPTY_BODY = YES;
				CLANG_WARN_ENUM_CONVERSION = YES;
				CLANG_WARN_INFINITE_RECURSION = YES;
				CLANG_WARN_INT_CONVERSION = YES;
				CLANG_WARN_NON_LITERAL_NULL_CONVERSION = YES;
				CLANG_WARN_OBJC_IMPLICIT_RETAIN_SELF = YES;
				CLANG_WARN_OBJC_LITERAL_CONVERSION = YES;
				CLANG_WARN_OBJC_ROOT_CLASS = YES_ERROR;
				CLANG_WARN_QUOTED_INCLUDE_IN_FRAMEWORK_HEADER = YES;
				CLANG_WARN_RANGE_LOOP_ANALYSIS = YES;
				CLANG_WARN_STRICT_PROTOTYPES = YES;
				CLANG_WARN_SUSPICIOUS_MOVE = YES;
				CLANG_WARN_UNGUARDED_AVAILABILITY = YES_AGGRESSIVE;
				CLANG_WARN_UNREACHABLE_CODE = YES;
				CLANG_WARN__DUPLICATE_METHOD_MATCH = YES;
				COPY_PHASE_STRIP = NO;
				DEBUG_INFORMATION_FORMAT = dwarf;
				ENABLE_STRICT_OBJC_MSGSEND = YES;
				ENABLE_TESTABILITY = YES;
				ENABLE_USER_SCRIPT_SANDBOXING = YES;
				GCC_C_LANGUAGE_STANDARD = gnu17;
				GCC_DYNAMIC_NO_PIC = NO;
				GCC_NO_COMMON_BLOCKS = YES;
				GCC_OPTIMIZATION_LEVEL = 0;
				GCC_PREPROCESSOR_DEFINITIONS = (
					"DEBUG=1",
					"$(inherited)",
				);
				GCC_WARN_64_TO_32_BIT_CONVERSION = YES;
				GCC_WARN_ABOUT_RETURN_TYPE = YES_ERROR;
				GCC_WARN_UNDECLARED_SELECTOR = YES;
				GCC_WARN_UNINITIALIZED_AUTOS = YES_AGGRESSIVE;
				GCC_WARN_UNUSED_FUNCTION = YES;
				GCC_WARN_UNUSED_VARIABLE = YES;
				IPHONEOS_DEPLOYMENT_TARGET = 18.2;
				LOCALIZATION_PREFERS_STRING_CATALOGS = YES;
				MTL_ENABLE_DEBUG_INFO = INCLUDE_SOURCE;
				MTL_FAST_MATH = YES;
				ONLY_ACTIVE_ARCH = YES;
				SDKROOT = iphoneos;
				SWIFT_ACTIVE_COMPILATION_CONDITIONS = "DEBUG $(inherited)";
				SWIFT_OPTIMIZATION_LEVEL = "-Onone";
			};
			name = Debug;
		};
		9BB17B732DE148DC00200C38 /* Release */ = {
			isa = XCBuildConfiguration;
			buildSettings = {
				ALWAYS_SEARCH_USER_PATHS = NO;
				ASSETCATALOG_COMPILER_GENERATE_SWIFT_ASSET_SYMBOL_EXTENSIONS = YES;
				CLANG_ANALYZER_NONNULL = YES;
				CLANG_ANALYZER_NUMBER_OBJECT_CONVERSION = YES_AGGRESSIVE;
				CLANG_CXX_LANGUAGE_STANDARD = "gnu++20";
				CLANG_ENABLE_MODULES = YES;
				CLANG_ENABLE_OBJC_ARC = YES;
				CLANG_ENABLE_OBJC_WEAK = YES;
				CLANG_WARN_BLOCK_CAPTURE_AUTORELEASING = YES;
				CLANG_WARN_BOOL_CONVERSION = YES;
				CLANG_WARN_COMMA = YES;
				CLANG_WARN_CONSTANT_CONVERSION = YES;
				CLANG_WARN_DEPRECATED_OBJC_IMPLEMENTATIONS = YES;
				CLANG_WARN_DIRECT_OBJC_ISA_USAGE = YES_ERROR;
				CLANG_WARN_DOCUMENTATION_COMMENTS = YES;
				CLANG_WARN_EMPTY_BODY = YES;
				CLANG_WARN_ENUM_CONVERSION = YES;
				CLANG_WARN_INFINITE_RECURSION = YES;
				CLANG_WARN_INT_CONVERSION = YES;
				CLANG_WARN_NON_LITERAL_NULL_CONVERSION = YES;
				CLANG_WARN_OBJC_IMPLICIT_RETAIN_SELF = YES;
				CLANG_WARN_OBJC_LITERAL_CONVERSION = YES;
				CLANG_WARN_OBJC_ROOT_CLASS = YES_ERROR;
				CLANG_WARN_QUOTED_INCLUDE_IN_FRAMEWORK_HEADER = YES;
				CLANG_WARN_RANGE_LOOP_ANALYSIS = YES;
				CLANG_WARN_STRICT_PROTOTYPES = YES;
				CLANG_WARN_SUSPICIOUS_MOVE = YES;
				CLANG_WARN_UNGUARDED_AVAILABILITY = YES_AGGRESSIVE;
				CLANG_WARN_UNREACHABLE_CODE = YES;
				CLANG_WARN__DUPLICATE_METHOD_MATCH = YES;
				COPY_PHASE_STRIP = NO;
				DEBUG_INFORMATION_FORMAT = "dwarf-with-dsym";
				ENABLE_NS_ASSERTIONS = NO;
				ENABLE_STRICT_OBJC_MSGSEND = YES;
				ENABLE_USER_SCRIPT_SANDBOXING = YES;
				GCC_C_LANGUAGE_STANDARD = gnu17;
				GCC_NO_COMMON_BLOCKS = YES;
				GCC_WARN_64_TO_32_BIT_CONVERSION = YES;
				GCC_WARN_ABOUT_RETURN_TYPE = YES_ERROR;
				GCC_WARN_UNDECLARED_SELECTOR = YES;
				GCC_WARN_UNINITIALIZED_AUTOS = YES_AGGRESSIVE;
				GCC_WARN_UNUSED_FUNCTION = YES;
				GCC_WARN_UNUSED_VARIABLE = YES;
				IPHONEOS_DEPLOYMENT_TARGET = 18.2;
				LOCALIZATION_PREFERS_STRING_CATALOGS = YES;
				MTL_ENABLE_DEBUG_INFO = NO;
				MTL_FAST_MATH = YES;
				SDKROOT = iphoneos;
				SWIFT_COMPILATION_MODE = wholemodule;
				VALIDATE_PRODUCT = YES;
			};
			name = Release;
		};
		9BB17B752DE148DC00200C38 /* Debug */ = {
			isa = XCBuildConfiguration;
			buildSettings = {
				ASSETCATALOG_COMPILER_APPICON_NAME = GlowWatt;
				ASSETCATALOG_COMPILER_GLOBAL_ACCENT_COLOR_NAME = AccentColor;
				CODE_SIGN_ENTITLEMENTS = GlowWatt/Config/GlowWatt.entitlements;
				CODE_SIGN_STYLE = Automatic;
				CURRENT_PROJECT_VERSION = 24;
				DEVELOPMENT_TEAM = B9P888266K;
				ENABLE_PREVIEWS = YES;
				GENERATE_INFOPLIST_FILE = YES;
				INFOPLIST_FILE = GlowWatt/Config/Info.plist;
				INFOPLIST_KEY_CFBundleDisplayName = GlowWatt;
				INFOPLIST_KEY_LSApplicationCategoryType = "public.app-category.utilities";
				INFOPLIST_KEY_UIApplicationSceneManifest_Generation = YES;
				INFOPLIST_KEY_UIApplicationSupportsIndirectInputEvents = YES;
				INFOPLIST_KEY_UILaunchScreen_Generation = YES;
				INFOPLIST_KEY_UISupportedInterfaceOrientations = UIInterfaceOrientationPortrait;
				INFOPLIST_KEY_UISupportedInterfaceOrientations_iPad = "UIInterfaceOrientationLandscapeLeft UIInterfaceOrientationLandscapeRight UIInterfaceOrientationPortrait UIInterfaceOrientationPortraitUpsideDown";
				IPHONEOS_DEPLOYMENT_TARGET = 18.0;
				LD_RUNPATH_SEARCH_PATHS = (
					"$(inherited)",
					"@executable_path/Frameworks",
				);
				MARKETING_VERSION = 1.24;
				PRODUCT_BUNDLE_IDENTIFIER = app.aryanrogye.GlowWatt;
				PRODUCT_NAME = "$(TARGET_NAME)";
				SUPPORTED_PLATFORMS = "iphoneos iphonesimulator";
				SUPPORTS_MACCATALYST = NO;
				SUPPORTS_XR_DESIGNED_FOR_IPHONE_IPAD = NO;
				SWIFT_EMIT_LOC_STRINGS = YES;
				SWIFT_VERSION = 5.0;
				TARGETED_DEVICE_FAMILY = "1,2";
			};
			name = Debug;
		};
		9BB17B762DE148DC00200C38 /* Release */ = {
			isa = XCBuildConfiguration;
			buildSettings = {
				ASSETCATALOG_COMPILER_APPICON_NAME = GlowWatt;
				ASSETCATALOG_COMPILER_GLOBAL_ACCENT_COLOR_NAME = AccentColor;
				CODE_SIGN_ENTITLEMENTS = GlowWatt/Config/GlowWatt.entitlements;
				CODE_SIGN_STYLE = Automatic;
				CURRENT_PROJECT_VERSION = 24;
				DEVELOPMENT_TEAM = B9P888266K;
				ENABLE_PREVIEWS = YES;
				GENERATE_INFOPLIST_FILE = YES;
				INFOPLIST_FILE = GlowWatt/Config/Info.plist;
				INFOPLIST_KEY_CFBundleDisplayName = GlowWatt;
				INFOPLIST_KEY_LSApplicationCategoryType = "public.app-category.utilities";
				INFOPLIST_KEY_UIApplicationSceneManifest_Generation = YES;
				INFOPLIST_KEY_UIApplicationSupportsIndirectInputEvents = YES;
				INFOPLIST_KEY_UILaunchScreen_Generation = YES;
				INFOPLIST_KEY_UISupportedInterfaceOrientations = UIInterfaceOrientationPortrait;
				INFOPLIST_KEY_UISupportedInterfaceOrientations_iPad = "UIInterfaceOrientationLandscapeLeft UIInterfaceOrientationLandscapeRight UIInterfaceOrientationPortrait UIInterfaceOrientationPortraitUpsideDown";
				IPHONEOS_DEPLOYMENT_TARGET = 18.0;
				LD_RUNPATH_SEARCH_PATHS = (
					"$(inherited)",
					"@executable_path/Frameworks",
				);
				MARKETING_VERSION = 1.24;
				PRODUCT_BUNDLE_IDENTIFIER = app.aryanrogye.GlowWatt;
				PRODUCT_NAME = "$(TARGET_NAME)";
				SUPPORTED_PLATFORMS = "iphoneos iphonesimulator";
				SUPPORTS_MACCATALYST = NO;
				SUPPORTS_XR_DESIGNED_FOR_IPHONE_IPAD = NO;
				SWIFT_EMIT_LOC_STRINGS = YES;
				SWIFT_VERSION = 5.0;
				TARGETED_DEVICE_FAMILY = "1,2";
			};
			name = Release;
		};
		9BB17B942DE1490400200C38 /* Debug */ = {
			isa = XCBuildConfiguration;
			buildSettings = {
				ASSETCATALOG_COMPILER_GLOBAL_ACCENT_COLOR_NAME = AccentColor;
				ASSETCATALOG_COMPILER_WIDGET_BACKGROUND_COLOR_NAME = WidgetBackground;
				CODE_SIGN_ENTITLEMENTS = GlowWattWidget/Config/GlowWattWidgetExtension.entitlements;
				CODE_SIGN_STYLE = Automatic;
				CURRENT_PROJECT_VERSION = 24;
				DEVELOPMENT_TEAM = B9P888266K;
				GENERATE_INFOPLIST_FILE = YES;
				INFOPLIST_FILE = GlowWattWidget/Config/Info.plist;
				INFOPLIST_KEY_CFBundleDisplayName = GlowWattWidget;
				INFOPLIST_KEY_NSHumanReadableCopyright = "";
				LD_RUNPATH_SEARCH_PATHS = (
					"$(inherited)",
					"@executable_path/Frameworks",
					"@executable_path/../../Frameworks",
				);
				MARKETING_VERSION = 1.24;
				PRODUCT_BUNDLE_IDENTIFIER = app.aryanrogye.GlowWatt.GlowWattWidget;
				PRODUCT_NAME = "$(TARGET_NAME)";
				SKIP_INSTALL = YES;
				SUPPORTED_PLATFORMS = "iphoneos iphonesimulator";
				SUPPORTS_MACCATALYST = NO;
				SUPPORTS_XR_DESIGNED_FOR_IPHONE_IPAD = NO;
				SWIFT_EMIT_LOC_STRINGS = YES;
				SWIFT_VERSION = 5.0;
				TARGETED_DEVICE_FAMILY = 1;
			};
			name = Debug;
		};
		9BB17B952DE1490400200C38 /* Release */ = {
			isa = XCBuildConfiguration;
			buildSettings = {
				ASSETCATALOG_COMPILER_GLOBAL_ACCENT_COLOR_NAME = AccentColor;
				ASSETCATALOG_COMPILER_WIDGET_BACKGROUND_COLOR_NAME = WidgetBackground;
				CODE_SIGN_ENTITLEMENTS = GlowWattWidget/Config/GlowWattWidgetExtension.entitlements;
				CODE_SIGN_STYLE = Automatic;
				CURRENT_PROJECT_VERSION = 24;
				DEVELOPMENT_TEAM = B9P888266K;
				GENERATE_INFOPLIST_FILE = YES;
				INFOPLIST_FILE = GlowWattWidget/Config/Info.plist;
				INFOPLIST_KEY_CFBundleDisplayName = GlowWattWidget;
				INFOPLIST_KEY_NSHumanReadableCopyright = "";
				LD_RUNPATH_SEARCH_PATHS = (
					"$(inherited)",
					"@executable_path/Frameworks",
					"@executable_path/../../Frameworks",
				);
				MARKETING_VERSION = 1.24;
				PRODUCT_BUNDLE_IDENTIFIER = app.aryanrogye.GlowWatt.GlowWattWidget;
				PRODUCT_NAME = "$(TARGET_NAME)";
				SKIP_INSTALL = YES;
				SUPPORTED_PLATFORMS = "iphoneos iphonesimulator";
				SUPPORTS_MACCATALYST = NO;
				SUPPORTS_XR_DESIGNED_FOR_IPHONE_IPAD = NO;
				SWIFT_EMIT_LOC_STRINGS = YES;
				SWIFT_VERSION = 5.0;
				TARGETED_DEVICE_FAMILY = 1;
			};
			name = Release;
		};
/* End XCBuildConfiguration section */

/* Begin XCConfigurationList section */
		9B07AE522DE932A600024AFD /* Build configuration list for PBXNativeTarget "GlowWattWatchOS Watch App" */ = {
			isa = XCConfigurationList;
			buildConfigurations = (
				9B07AE532DE932A600024AFD /* Debug */,
				9B07AE542DE932A600024AFD /* Release */,
			);
			defaultConfigurationIsVisible = 0;
			defaultConfigurationName = Release;
		};
		9B07AE6B2DE9429800024AFD /* Build configuration list for PBXNativeTarget "GlowWattWatchOSWidgetExtension" */ = {
			isa = XCConfigurationList;
			buildConfigurations = (
				9B07AE6C2DE9429800024AFD /* Debug */,
				9B07AE6D2DE9429800024AFD /* Release */,
			);
			defaultConfigurationIsVisible = 0;
			defaultConfigurationName = Release;
		};
		9BB17B612DE148DA00200C38 /* Build configuration list for PBXProject "GlowWatt" */ = {
			isa = XCConfigurationList;
			buildConfigurations = (
				9BB17B722DE148DC00200C38 /* Debug */,
				9BB17B732DE148DC00200C38 /* Release */,
			);
			defaultConfigurationIsVisible = 0;
			defaultConfigurationName = Release;
		};
		9BB17B742DE148DC00200C38 /* Build configuration list for PBXNativeTarget "GlowWatt" */ = {
			isa = XCConfigurationList;
			buildConfigurations = (
				9BB17B752DE148DC00200C38 /* Debug */,
				9BB17B762DE148DC00200C38 /* Release */,
			);
			defaultConfigurationIsVisible = 0;
			defaultConfigurationName = Release;
		};
		9BB17B932DE1490400200C38 /* Build configuration list for PBXNativeTarget "GlowWattWidgetExtension" */ = {
			isa = XCConfigurationList;
			buildConfigurations = (
				9BB17B942DE1490400200C38 /* Debug */,
				9BB17B952DE1490400200C38 /* Release */,
			);
			defaultConfigurationIsVisible = 0;
			defaultConfigurationName = Release;
		};
/* End XCConfigurationList section */
	};
	rootObject = 9BB17B5E2DE148DA00200C38 /* Project object */;
}
